// !$*UTF8*$!
{
	archiveVersion = 1;
	classes = {
	};
	objectVersion = 55;
	objects = {

/* Begin PBXBuildFile section */
		CA4FC8C327EEFC2500139025 /* Alert.swift in Sources */ = {isa = PBXBuildFile; fileRef = CA4FC8C227EEFC2500139025 /* Alert.swift */; };
		CA4FC8C527EEFC4B00139025 /* BarcodeScannerViewModel.swift in Sources */ = {isa = PBXBuildFile; fileRef = CA4FC8C427EEFC4B00139025 /* BarcodeScannerViewModel.swift */; };
		CAABB73A27EB549000E5F8FE /* Barcode_ScannerApp.swift in Sources */ = {isa = PBXBuildFile; fileRef = CAABB73927EB549000E5F8FE /* Barcode_ScannerApp.swift */; };
		CAABB73C27EB549000E5F8FE /* BarcodeScannerView.swift in Sources */ = {isa = PBXBuildFile; fileRef = CAABB73B27EB549000E5F8FE /* BarcodeScannerView.swift */; };
		CAABB73E27EB549100E5F8FE /* Assets.xcassets in Resources */ = {isa = PBXBuildFile; fileRef = CAABB73D27EB549100E5F8FE /* Assets.xcassets */; };
		CAABB74127EB549100E5F8FE /* Preview Assets.xcassets in Resources */ = {isa = PBXBuildFile; fileRef = CAABB74027EB549100E5F8FE /* Preview Assets.xcassets */; };
		CAABB74927EB57CF00E5F8FE /* ScannerViewController.swift in Sources */ = {isa = PBXBuildFile; fileRef = CAABB74827EB57CF00E5F8FE /* ScannerViewController.swift */; };
		CAABB74B27EB5E9900E5F8FE /* ScannerView.swift in Sources */ = {isa = PBXBuildFile; fileRef = CAABB74A27EB5E9900E5F8FE /* ScannerView.swift */; };
/* End PBXBuildFile section */

/* Begin PBXFileReference section */
		CA4FC8C227EEFC2500139025 /* Alert.swift */ = {isa = PBXFileReference; lastKnownFileType = sourcecode.swift; path = Alert.swift; sourceTree = "<group>"; };
		CA4FC8C427EEFC4B00139025 /* BarcodeScannerViewModel.swift */ = {isa = PBXFileReference; lastKnownFileType = sourcecode.swift; path = BarcodeScannerViewModel.swift; sourceTree = "<group>"; };
		CAABB73627EB549000E5F8FE /* Barcode Scanner.app */ = {isa = PBXFileReference; explicitFileType = wrapper.application; includeInIndex = 0; path = "Barcode Scanner.app"; sourceTree = BUILT_PRODUCTS_DIR; };
		CAABB73927EB549000E5F8FE /* Barcode_ScannerApp.swift */ = {isa = PBXFileReference; lastKnownFileType = sourcecode.swift; path = Barcode_ScannerApp.swift; sourceTree = "<group>"; };
		CAABB73B27EB549000E5F8FE /* BarcodeScannerView.swift */ = {isa = PBXFileReference; lastKnownFileType = sourcecode.swift; path = BarcodeScannerView.swift; sourceTree = "<group>"; };
		CAABB73D27EB549100E5F8FE /* Assets.xcassets */ = {isa = PBXFileReference; lastKnownFileType = folder.assetcatalog; path = Assets.xcassets; sourceTree = "<group>"; };
		CAABB74027EB549100E5F8FE /* Preview Assets.xcassets */ = {isa = PBXFileReference; lastKnownFileType = folder.assetcatalog; path = "Preview Assets.xcassets"; sourceTree = "<group>"; };
		CAABB74727EB575D00E5F8FE /* Barcode-Scanner-Info.plist */ = {isa = PBXFileReference; lastKnownFileType = text.plist; path = "Barcode-Scanner-Info.plist"; sourceTree = SOURCE_ROOT; };
		CAABB74827EB57CF00E5F8FE /* ScannerViewController.swift */ = {isa = PBXFileReference; lastKnownFileType = sourcecode.swift; path = ScannerViewController.swift; sourceTree = "<group>"; };
		CAABB74A27EB5E9900E5F8FE /* ScannerView.swift */ = {isa = PBXFileReference; lastKnownFileType = sourcecode.swift; path = ScannerView.swift; sourceTree = "<group>"; };
/* End PBXFileReference section */

/* Begin PBXFrameworksBuildPhase section */
		CAABB73327EB549000E5F8FE /* Frameworks */ = {
			isa = PBXFrameworksBuildPhase;
			buildActionMask = 2147483647;
			files = (
			);
			runOnlyForDeploymentPostprocessing = 0;
		};
/* End PBXFrameworksBuildPhase section */

/* Begin PBXGroup section */
		CA4FC8C627EEFE7700139025 /* Screens */ = {
			isa = PBXGroup;
			children = (
				CA4FC8C727EEFE7F00139025 /* BarcodeScanner */,
			);
			path = Screens;
			sourceTree = "<group>";
		};
		CA4FC8C727EEFE7F00139025 /* BarcodeScanner */ = {
			isa = PBXGroup;
			children = (
				CAABB73B27EB549000E5F8FE /* BarcodeScannerView.swift */,
				CA4FC8C427EEFC4B00139025 /* BarcodeScannerViewModel.swift */,
			);
			path = BarcodeScanner;
			sourceTree = "<group>";
		};
		CA4FC8C827EEFE8E00139025 /* Views */ = {
			isa = PBXGroup;
			children = (
				CA4FC8C927EEFE9400139025 /* UIKit Components */,
			);
			path = Views;
			sourceTree = "<group>";
		};
		CA4FC8C927EEFE9400139025 /* UIKit Components */ = {
			isa = PBXGroup;
			children = (
				CAABB74827EB57CF00E5F8FE /* ScannerViewController.swift */,
				CAABB74A27EB5E9900E5F8FE /* ScannerView.swift */,
			);
			path = "UIKit Components";
			sourceTree = "<group>";
		};
		CA4FC8CA27EEFEB200139025 /* Utilities */ = {
			isa = PBXGroup;
			children = (
				CA4FC8C227EEFC2500139025 /* Alert.swift */,
			);
			path = Utilities;
			sourceTree = "<group>";
		};
		CAABB72D27EB549000E5F8FE = {
			isa = PBXGroup;
			children = (
				CAABB73827EB549000E5F8FE /* Barcode Scanner */,
				CAABB73727EB549000E5F8FE /* Products */,
			);
			sourceTree = "<group>";
		};
		CAABB73727EB549000E5F8FE /* Products */ = {
			isa = PBXGroup;
			children = (
				CAABB73627EB549000E5F8FE /* Barcode Scanner.app */,
			);
			name = Products;
			sourceTree = "<group>";
		};
		CAABB73827EB549000E5F8FE /* Barcode Scanner */ = {
			isa = PBXGroup;
			children = (
				CA4FC8CA27EEFEB200139025 /* Utilities */,
				CA4FC8C827EEFE8E00139025 /* Views */,
				CA4FC8C627EEFE7700139025 /* Screens */,
				CAABB74727EB575D00E5F8FE /* Barcode-Scanner-Info.plist */,
				CAABB73927EB549000E5F8FE /* Barcode_ScannerApp.swift */,
				CAABB73D27EB549100E5F8FE /* Assets.xcassets */,
				CAABB73F27EB549100E5F8FE /* Preview Content */,
			);
			path = "Barcode Scanner";
			sourceTree = "<group>";
		};
		CAABB73F27EB549100E5F8FE /* Preview Content */ = {
			isa = PBXGroup;
			children = (
				CAABB74027EB549100E5F8FE /* Preview Assets.xcassets */,
			);
			path = "Preview Content";
			sourceTree = "<group>";
		};
/* End PBXGroup section */

/* Begin PBXNativeTarget section */
		CAABB73527EB549000E5F8FE /* Barcode Scanner */ = {
			isa = PBXNativeTarget;
			buildConfigurationList = CAABB74427EB549100E5F8FE /* Build configuration list for PBXNativeTarget "Barcode Scanner" */;
			buildPhases = (
				CAABB73227EB549000E5F8FE /* Sources */,
				CAABB73327EB549000E5F8FE /* Frameworks */,
				CAABB73427EB549000E5F8FE /* Resources */,
			);
			buildRules = (
			);
			dependencies = (
			);
			name = "Barcode Scanner";
			productName = "Barcode Scanner";
			productReference = CAABB73627EB549000E5F8FE /* Barcode Scanner.app */;
			productType = "com.apple.product-type.application";
		};
/* End PBXNativeTarget section */

/* Begin PBXProject section */
		CAABB72E27EB549000E5F8FE /* Project object */ = {
			isa = PBXProject;
			attributes = {
				BuildIndependentTargetsInParallel = 1;
				LastSwiftUpdateCheck = 1320;
				LastUpgradeCheck = 1320;
				TargetAttributes = {
					CAABB73527EB549000E5F8FE = {
						CreatedOnToolsVersion = 13.2.1;
					};
				};
			};
			buildConfigurationList = CAABB73127EB549000E5F8FE /* Build configuration list for PBXProject "Barcode Scanner" */;
			compatibilityVersion = "Xcode 13.0";
			developmentRegion = en;
			hasScannedForEncodings = 0;
			knownRegions = (
				en,
				Base,
			);
			mainGroup = CAABB72D27EB549000E5F8FE;
			productRefGroup = CAABB73727EB549000E5F8FE /* Products */;
			projectDirPath = "";
			projectRoot = "";
			targets = (
				CAABB73527EB549000E5F8FE /* Barcode Scanner */,
			);
		};
/* End PBXProject section */

/* Begin PBXResourcesBuildPhase section */
		CAABB73427EB549000E5F8FE /* Resources */ = {
			isa = PBXResourcesBuildPhase;
			buildActionMask = 2147483647;
			files = (
				CAABB74127EB549100E5F8FE /* Preview Assets.xcassets in Resources */,
				CAABB73E27EB549100E5F8FE /* Assets.xcassets in Resources */,
			);
			runOnlyForDeploymentPostprocessing = 0;
		};
/* End PBXResourcesBuildPhase section */

/* Begin PBXSourcesBuildPhase section */
		CAABB73227EB549000E5F8FE /* Sources */ = {
			isa = PBXSourcesBuildPhase;
			buildActionMask = 2147483647;
			files = (
				CA4FC8C527EEFC4B00139025 /* BarcodeScannerViewModel.swift in Sources */,
				CAABB73C27EB549000E5F8FE /* BarcodeScannerView.swift in Sources */,
				CAABB74B27EB5E9900E5F8FE /* ScannerView.swift in Sources */,
				CAABB74927EB57CF00E5F8FE /* ScannerViewController.swift in Sources */,
				CA4FC8C327EEFC2500139025 /* Alert.swift in Sources */,
				CAABB73A27EB549000E5F8FE /* Barcode_ScannerApp.swift in Sources */,
			);
			runOnlyForDeploymentPostprocessing = 0;
		};
/* End PBXSourcesBuildPhase section */

/* Begin XCBuildConfiguration section */
		CAABB74227EB549100E5F8FE /* Debug */ = {
			isa = XCBuildConfiguration;
			buildSettings = {
				ALWAYS_SEARCH_USER_PATHS = NO;
				CLANG_ANALYZER_NONNULL = YES;
				CLANG_ANALYZER_NUMBER_OBJECT_CONVERSION = YES_AGGRESSIVE;
				CLANG_CXX_LANGUAGE_STANDARD = "gnu++17";
				CLANG_CXX_LIBRARY = "libc++";
				CLANG_ENABLE_MODULES = YES;
				CLANG_ENABLE_OBJC_ARC = YES;
				CLANG_ENABLE_OBJC_WEAK = YES;
				CLANG_WARN_BLOCK_CAPTURE_AUTORELEASING = YES;
				CLANG_WARN_BOOL_CONVERSION = YES;
				CLANG_WARN_COMMA = YES;
				CLANG_WARN_CONSTANT_CONVERSION = YES;
				CLANG_WARN_DEPRECATED_OBJC_IMPLEMENTATIONS = YES;
				CLANG_WARN_DIRECT_OBJC_ISA_USAGE = YES_ERROR;
				CLANG_WARN_DOCUMENTATION_COMMENTS = YES;
				CLANG_WARN_EMPTY_BODY = YES;
				CLANG_WARN_ENUM_CONVERSION = YES;
				CLANG_WARN_INFINITE_RECURSION = YES;
				CLANG_WARN_INT_CONVERSION = YES;
				CLANG_WARN_NON_LITERAL_NULL_CONVERSION = YES;
				CLANG_WARN_OBJC_IMPLICIT_RETAIN_SELF = YES;
				CLANG_WARN_OBJC_LITERAL_CONVERSION = YES;
				CLANG_WARN_OBJC_ROOT_CLASS = YES_ERROR;
				CLANG_WARN_QUOTED_INCLUDE_IN_FRAMEWORK_HEADER = YES;
				CLANG_WARN_RANGE_LOOP_ANALYSIS = YES;
				CLANG_WARN_STRICT_PROTOTYPES = YES;
				CLANG_WARN_SUSPICIOUS_MOVE = YES;
				CLANG_WARN_UNGUARDED_AVAILABILITY = YES_AGGRESSIVE;
				CLANG_WARN_UNREACHABLE_CODE = YES;
				CLANG_WARN__DUPLICATE_METHOD_MATCH = YES;
				COPY_PHASE_STRIP = NO;
				DEBUG_INFORMATION_FORMAT = dwarf;
				ENABLE_STRICT_OBJC_MSGSEND = YES;
				ENABLE_TESTABILITY = YES;
				GCC_C_LANGUAGE_STANDARD = gnu11;
				GCC_DYNAMIC_NO_PIC = NO;
				GCC_NO_COMMON_BLOCKS = YES;
				GCC_OPTIMIZATION_LEVEL = 0;
				GCC_PREPROCESSOR_DEFINITIONS = (
					"DEBUG=1",
					"$(inherited)",
				);
				GCC_WARN_64_TO_32_BIT_CONVERSION = YES;
				GCC_WARN_ABOUT_RETURN_TYPE = YES_ERROR;
				GCC_WARN_UNDECLARED_SELECTOR = YES;
				GCC_WARN_UNINITIALIZED_AUTOS = YES_AGGRESSIVE;
				GCC_WARN_UNUSED_FUNCTION = YES;
				GCC_WARN_UNUSED_VARIABLE = YES;
				IPHONEOS_DEPLOYMENT_TARGET = 15.2;
				MTL_ENABLE_DEBUG_INFO = INCLUDE_SOURCE;
				MTL_FAST_MATH = YES;
				ONLY_ACTIVE_ARCH = YES;
				SDKROOT = iphoneos;
				SWIFT_ACTIVE_COMPILATION_CONDITIONS = DEBUG;
				SWIFT_OPTIMIZATION_LEVEL = "-Onone";
			};
			name = Debug;
		};
		CAABB74327EB549100E5F8FE /* Release */ = {
			isa = XCBuildConfiguration;
			buildSettings = {
				ALWAYS_SEARCH_USER_PATHS = NO;
				CLANG_ANALYZER_NONNULL = YES;
				CLANG_ANALYZER_NUMBER_OBJECT_CONVERSION = YES_AGGRESSIVE;
				CLANG_CXX_LANGUAGE_STANDARD = "gnu++17";
				CLANG_CXX_LIBRARY = "libc++";
				CLANG_ENABLE_MODULES = YES;
				CLANG_ENABLE_OBJC_ARC = YES;
				CLANG_ENABLE_OBJC_WEAK = YES;
				CLANG_WARN_BLOCK_CAPTURE_AUTORELEASING = YES;
				CLANG_WARN_BOOL_CONVERSION = YES;
				CLANG_WARN_COMMA = YES;
				CLANG_WARN_CONSTANT_CONVERSION = YES;
				CLANG_WARN_DEPRECATED_OBJC_IMPLEMENTATIONS = YES;
				CLANG_WARN_DIRECT_OBJC_ISA_USAGE = YES_ERROR;
				CLANG_WARN_DOCUMENTATION_COMMENTS = YES;
				CLANG_WARN_EMPTY_BODY = YES;
				CLANG_WARN_ENUM_CONVERSION = YES;
				CLANG_WARN_INFINITE_RECURSION = YES;
				CLANG_WARN_INT_CONVERSION = YES;
				CLANG_WARN_NON_LITERAL_NULL_CONVERSION = YES;
				CLANG_WARN_OBJC_IMPLICIT_RETAIN_SELF = YES;
				CLANG_WARN_OBJC_LITERAL_CONVERSION = YES;
				CLANG_WARN_OBJC_ROOT_CLASS = YES_ERROR;
				CLANG_WARN_QUOTED_INCLUDE_IN_FRAMEWORK_HEADER = YES;
				CLANG_WARN_RANGE_LOOP_ANALYSIS = YES;
				CLANG_WARN_STRICT_PROTOTYPES = YES;
				CLANG_WARN_SUSPICIOUS_MOVE = YES;
				CLANG_WARN_UNGUARDED_AVAILABILITY = YES_AGGRESSIVE;
				CLANG_WARN_UNREACHABLE_CODE = YES;
				CLANG_WARN__DUPLICATE_METHOD_MATCH = YES;
				COPY_PHASE_STRIP = NO;
				DEBUG_INFORMATION_FORMAT = "dwarf-with-dsym";
				ENABLE_NS_ASSERTIONS = NO;
				ENABLE_STRICT_OBJC_MSGSEND = YES;
				GCC_C_LANGUAGE_STANDARD = gnu11;
				GCC_NO_COMMON_BLOCKS = YES;
				GCC_WARN_64_TO_32_BIT_CONVERSION = YES;
				GCC_WARN_ABOUT_RETURN_TYPE = YES_ERROR;
				GCC_WARN_UNDECLARED_SELECTOR = YES;
				GCC_WARN_UNINITIALIZED_AUTOS = YES_AGGRESSIVE;
				GCC_WARN_UNUSED_FUNCTION = YES;
				GCC_WARN_UNUSED_VARIABLE = YES;
				IPHONEOS_DEPLOYMENT_TARGET = 15.2;
				MTL_ENABLE_DEBUG_INFO = NO;
				MTL_FAST_MATH = YES;
				SDKROOT = iphoneos;
				SWIFT_COMPILATION_MODE = wholemodule;
				SWIFT_OPTIMIZATION_LEVEL = "-O";
				VALIDATE_PRODUCT = YES;
			};
			name = Release;
		};
		CAABB74527EB549100E5F8FE /* Debug */ = {
			isa = XCBuildConfiguration;
			buildSettings = {
				ASSETCATALOG_COMPILER_APPICON_NAME = AppIcon;
				ASSETCATALOG_COMPILER_GLOBAL_ACCENT_COLOR_NAME = AccentColor;
				CODE_SIGN_STYLE = Automatic;
				CURRENT_PROJECT_VERSION = 1;
				DEVELOPMENT_ASSET_PATHS = "\"Barcode Scanner/Preview Content\"";
				DEVELOPMENT_TEAM = WMCQK22Q3T;
				ENABLE_PREVIEWS = YES;
				GENERATE_INFOPLIST_FILE = YES;
				INFOPLIST_FILE = "Barcode-Scanner-Info.plist";
				INFOPLIST_KEY_NSCameraUsageDescription = "We need to use the camera to scan the bar codes.";
				INFOPLIST_KEY_UIApplicationSceneManifest_Generation = YES;
				INFOPLIST_KEY_UIApplicationSupportsIndirectInputEvents = YES;
				INFOPLIST_KEY_UILaunchScreen_Generation = YES;
				INFOPLIST_KEY_UISupportedInterfaceOrientations_iPad = "UIInterfaceOrientationPortrait UIInterfaceOrientationPortraitUpsideDown UIInterfaceOrientationLandscapeLeft UIInterfaceOrientationLandscapeRight";
				INFOPLIST_KEY_UISupportedInterfaceOrientations_iPhone = "UIInterfaceOrientationPortrait UIInterfaceOrientationLandscapeLeft UIInterfaceOrientationLandscapeRight";
				LD_RUNPATH_SEARCH_PATHS = (
					"$(inherited)",
					"@executable_path/Frameworks",
				);
				MARKETING_VERSION = 1.0;
				PRODUCT_BUNDLE_IDENTIFIER = "com.dodilearns.Barcode-Scanner";
				PRODUCT_NAME = "$(TARGET_NAME)";
				SWIFT_EMIT_LOC_STRINGS = YES;
				SWIFT_VERSION = 5.0;
				TARGETED_DEVICE_FAMILY = "1,2";
			};
			name = Debug;
		};
		CAABB74627EB549100E5F8FE /* Release */ = {
			isa = XCBuildConfiguration;
			buildSettings = {
				ASSETCATALOG_COMPILER_APPICON_NAME = AppIcon;
				ASSETCATALOG_COMPILER_GLOBAL_ACCENT_COLOR_NAME = AccentColor;
				CODE_SIGN_STYLE = Automatic;
				CURRENT_PROJECT_VERSION = 1;
				DEVELOPMENT_ASSET_PATHS = "\"Barcode Scanner/Preview Content\"";
				DEVELOPMENT_TEAM = WMCQK22Q3T;
				ENABLE_PREVIEWS = YES;
				GENERATE_INFOPLIST_FILE = YES;
				INFOPLIST_FILE = "Barcode-Scanner-Info.plist";
				INFOPLIST_KEY_NSCameraUsageDescription = "We need to use the camera to scan the bar codes.";
				INFOPLIST_KEY_UIApplicationSceneManifest_Generation = YES;
				INFOPLIST_KEY_UIApplicationSupportsIndirectInputEvents = YES;
				INFOPLIST_KEY_UILaunchScreen_Generation = YES;
				INFOPLIST_KEY_UISupportedInterfaceOrientations_iPad = "UIInterfaceOrientationPortrait UIInterfaceOrientationPortraitUpsideDown UIInterfaceOrientationLandscapeLeft UIInterfaceOrientationLandscapeRight";
				INFOPLIST_KEY_UISupportedInterfaceOrientations_iPhone = "UIInterfaceOrientationPortrait UIInterfaceOrientationLandscapeLeft UIInterfaceOrientationLandscapeRight";
				LD_RUNPATH_SEARCH_PATHS = (
					"$(inherited)",
					"@executable_path/Frameworks",
				);
				MARKETING_VERSION = 1.0;
				PRODUCT_BUNDLE_IDENTIFIER = "com.dodilearns.Barcode-Scanner";
				PRODUCT_NAME = "$(TARGET_NAME)";
				SWIFT_EMIT_LOC_STRINGS = YES;
				SWIFT_VERSION = 5.0;
				TARGETED_DEVICE_FAMILY = "1,2";
			};
			name = Release;
		};
/* End XCBuildConfiguration section */

/* Begin XCConfigurationList section */
		CAABB73127EB549000E5F8FE /* Build configuration list for PBXProject "Barcode Scanner" */ = {
			isa = XCConfigurationList;
			buildConfigurations = (
				CAABB74227EB549100E5F8FE /* Debug */,
				CAABB74327EB549100E5F8FE /* Release */,
			);
			defaultConfigurationIsVisible = 0;
			defaultConfigurationName = Release;
		};
		CAABB74427EB549100E5F8FE /* Build configuration list for PBXNativeTarget "Barcode Scanner" */ = {
			isa = XCConfigurationList;
			buildConfigurations = (
				CAABB74527EB549100E5F8FE /* Debug */,
				CAABB74627EB549100E5F8FE /* Release */,
			);
			defaultConfigurationIsVisible = 0;
			defaultConfigurationName = Release;
		};
/* End XCConfigurationList section */
	};
	rootObject = CAABB72E27EB549000E5F8FE /* Project object */;
}
