// !$*UTF8*$!
{
	archiveVersion = 1;
	classes = {
	};
	objectVersion = 55;
	objects = {

/* Begin PBXBuildFile section */
		CA00EE6C27BBE0FF007271A0 /* DemoToDoListApp.swift in Sources */ = {isa = PBXBuildFile; fileRef = CA00EE6B27BBE0FF007271A0 /* DemoToDoListApp.swift */; };
		CA00EE6E27BBE0FF007271A0 /* ContentView.swift in Sources */ = {isa = PBXBuildFile; fileRef = CA00EE6D27BBE0FF007271A0 /* ContentView.swift */; };
		CA00EE7027BBE100007271A0 /* Assets.xcassets in Resources */ = {isa = PBXBuildFile; fileRef = CA00EE6F27BBE100007271A0 /* Assets.xcassets */; };
		CA00EE7327BBE100007271A0 /* Preview Assets.xcassets in Resources */ = {isa = PBXBuildFile; fileRef = CA00EE7227BBE100007271A0 /* Preview Assets.xcassets */; };
		CA00EE7A27BBE12A007271A0 /* Todo.swift in Sources */ = {isa = PBXBuildFile; fileRef = CA00EE7927BBE12A007271A0 /* Todo.swift */; };
		CA00EE7C27BBE18E007271A0 /* DataManager.swift in Sources */ = {isa = PBXBuildFile; fileRef = CA00EE7B27BBE18E007271A0 /* DataManager.swift */; };
		CA00EE7E27BBE49F007271A0 /* TodoListViewModel.swift in Sources */ = {isa = PBXBuildFile; fileRef = CA00EE7D27BBE49F007271A0 /* TodoListViewModel.swift */; };
		CA00EE8027BBE5A7007271A0 /* TodoListView.swift in Sources */ = {isa = PBXBuildFile; fileRef = CA00EE7F27BBE5A7007271A0 /* TodoListView.swift */; };
		CA00EE8227BBEDFE007271A0 /* MockDataManager.swift in Sources */ = {isa = PBXBuildFile; fileRef = CA00EE8127BBEDFD007271A0 /* MockDataManager.swift */; };
		CA22535D27D4B65400405731 /* NewTodoViewModel.swift in Sources */ = {isa = PBXBuildFile; fileRef = CA22535C27D4B65400405731 /* NewTodoViewModel.swift */; };
		CA22535F27D4B8E800405731 /* NewTodoView.swift in Sources */ = {isa = PBXBuildFile; fileRef = CA22535E27D4B8E800405731 /* NewTodoView.swift */; };
		CA22536127D4C0C400405731 /* KeyboardResponder.swift in Sources */ = {isa = PBXBuildFile; fileRef = CA22536027D4C0C400405731 /* KeyboardResponder.swift */; };
		CA22536327D78B2600405731 /* TodoRow.swift in Sources */ = {isa = PBXBuildFile; fileRef = CA22536227D78B2600405731 /* TodoRow.swift */; };
/* End PBXBuildFile section */

/* Begin PBXFileReference section */
		CA00EE6827BBE0FF007271A0 /* DemoToDoList.app */ = {isa = PBXFileReference; explicitFileType = wrapper.application; includeInIndex = 0; path = DemoToDoList.app; sourceTree = BUILT_PRODUCTS_DIR; };
		CA00EE6B27BBE0FF007271A0 /* DemoToDoListApp.swift */ = {isa = PBXFileReference; lastKnownFileType = sourcecode.swift; path = DemoToDoListApp.swift; sourceTree = "<group>"; };
		CA00EE6D27BBE0FF007271A0 /* ContentView.swift */ = {isa = PBXFileReference; lastKnownFileType = sourcecode.swift; path = ContentView.swift; sourceTree = "<group>"; };
		CA00EE6F27BBE100007271A0 /* Assets.xcassets */ = {isa = PBXFileReference; lastKnownFileType = folder.assetcatalog; path = Assets.xcassets; sourceTree = "<group>"; };
		CA00EE7227BBE100007271A0 /* Preview Assets.xcassets */ = {isa = PBXFileReference; lastKnownFileType = folder.assetcatalog; path = "Preview Assets.xcassets"; sourceTree = "<group>"; };
		CA00EE7927BBE12A007271A0 /* Todo.swift */ = {isa = PBXFileReference; lastKnownFileType = sourcecode.swift; path = Todo.swift; sourceTree = "<group>"; };
		CA00EE7B27BBE18E007271A0 /* DataManager.swift */ = {isa = PBXFileReference; lastKnownFileType = sourcecode.swift; path = DataManager.swift; sourceTree = "<group>"; };
		CA00EE7D27BBE49F007271A0 /* TodoListViewModel.swift */ = {isa = PBXFileReference; lastKnownFileType = sourcecode.swift; path = TodoListViewModel.swift; sourceTree = "<group>"; };
		CA00EE7F27BBE5A7007271A0 /* TodoListView.swift */ = {isa = PBXFileReference; lastKnownFileType = sourcecode.swift; path = TodoListView.swift; sourceTree = "<group>"; };
		CA00EE8127BBEDFD007271A0 /* MockDataManager.swift */ = {isa = PBXFileReference; lastKnownFileType = sourcecode.swift; path = MockDataManager.swift; sourceTree = "<group>"; };
		CA22535C27D4B65400405731 /* NewTodoViewModel.swift */ = {isa = PBXFileReference; lastKnownFileType = sourcecode.swift; name = NewTodoViewModel.swift; path = DemoToDoList/NewTodoViewModel.swift; sourceTree = SOURCE_ROOT; };
		CA22535E27D4B8E800405731 /* NewTodoView.swift */ = {isa = PBXFileReference; lastKnownFileType = sourcecode.swift; path = NewTodoView.swift; sourceTree = "<group>"; };
		CA22536027D4C0C400405731 /* KeyboardResponder.swift */ = {isa = PBXFileReference; lastKnownFileType = sourcecode.swift; path = KeyboardResponder.swift; sourceTree = "<group>"; };
		CA22536227D78B2600405731 /* TodoRow.swift */ = {isa = PBXFileReference; lastKnownFileType = sourcecode.swift; path = TodoRow.swift; sourceTree = "<group>"; };
/* End PBXFileReference section */

/* Begin PBXFrameworksBuildPhase section */
		CA00EE6527BBE0FF007271A0 /* Frameworks */ = {
			isa = PBXFrameworksBuildPhase;
			buildActionMask = 2147483647;
			files = (
			);
			runOnlyForDeploymentPostprocessing = 0;
		};
/* End PBXFrameworksBuildPhase section */

/* Begin PBXGroup section */
		CA00EE5F27BBE0FF007271A0 = {
			isa = PBXGroup;
			children = (
				CA00EE6A27BBE0FF007271A0 /* DemoToDoList */,
				CA00EE6927BBE0FF007271A0 /* Products */,
			);
			sourceTree = "<group>";
		};
		CA00EE6927BBE0FF007271A0 /* Products */ = {
			isa = PBXGroup;
			children = (
				CA00EE6827BBE0FF007271A0 /* DemoToDoList.app */,
			);
			name = Products;
			sourceTree = "<group>";
		};
		CA00EE6A27BBE0FF007271A0 /* DemoToDoList */ = {
			isa = PBXGroup;
			children = (
				CA22535827D4B46400405731 /* Mock */,
				CA00EE6B27BBE0FF007271A0 /* DemoToDoListApp.swift */,
				CA00EE6D27BBE0FF007271A0 /* ContentView.swift */,
				CA22535B27D4B49200405731 /* Model */,
				CA22535A27D4B48C00405731 /* Managers */,
				CA22535927D4B47700405731 /* Todo List */,
				CA00EE6F27BBE100007271A0 /* Assets.xcassets */,
				CA00EE7127BBE100007271A0 /* Preview Content */,
			);
			path = DemoToDoList;
			sourceTree = "<group>";
		};
		CA00EE7127BBE100007271A0 /* Preview Content */ = {
			isa = PBXGroup;
			children = (
				CA00EE7227BBE100007271A0 /* Preview Assets.xcassets */,
			);
			path = "Preview Content";
			sourceTree = "<group>";
		};
		CA22535827D4B46400405731 /* Mock */ = {
			isa = PBXGroup;
			children = (
				CA00EE8127BBEDFD007271A0 /* MockDataManager.swift */,
			);
			path = Mock;
			sourceTree = "<group>";
		};
		CA22535927D4B47700405731 /* Todo List */ = {
			isa = PBXGroup;
			children = (
				CA00EE7D27BBE49F007271A0 /* TodoListViewModel.swift */,
				CA00EE7F27BBE5A7007271A0 /* TodoListView.swift */,
				CA22535C27D4B65400405731 /* NewTodoViewModel.swift */,
				CA22535E27D4B8E800405731 /* NewTodoView.swift */,
				CA22536027D4C0C400405731 /* KeyboardResponder.swift */,
				CA22536227D78B2600405731 /* TodoRow.swift */,
			);
			path = "Todo List";
			sourceTree = "<group>";
		};
		CA22535A27D4B48C00405731 /* Managers */ = {
			isa = PBXGroup;
			children = (
				CA00EE7B27BBE18E007271A0 /* DataManager.swift */,
			);
			path = Managers;
			sourceTree = "<group>";
		};
		CA22535B27D4B49200405731 /* Model */ = {
			isa = PBXGroup;
			children = (
				CA00EE7927BBE12A007271A0 /* Todo.swift */,
			);
			path = Model;
			sourceTree = "<group>";
		};
/* End PBXGroup section */

/* Begin PBXNativeTarget section */
		CA00EE6727BBE0FF007271A0 /* DemoToDoList */ = {
			isa = PBXNativeTarget;
			buildConfigurationList = CA00EE7627BBE100007271A0 /* Build configuration list for PBXNativeTarget "DemoToDoList" */;
			buildPhases = (
				CA00EE6427BBE0FF007271A0 /* Sources */,
				CA00EE6527BBE0FF007271A0 /* Frameworks */,
				CA00EE6627BBE0FF007271A0 /* Resources */,
			);
			buildRules = (
			);
			dependencies = (
			);
			name = DemoToDoList;
			productName = DemoToDoList;
			productReference = CA00EE6827BBE0FF007271A0 /* DemoToDoList.app */;
			productType = "com.apple.product-type.application";
		};
/* End PBXNativeTarget section */

/* Begin PBXProject section */
		CA00EE6027BBE0FF007271A0 /* Project object */ = {
			isa = PBXProject;
			attributes = {
				BuildIndependentTargetsInParallel = 1;
				LastSwiftUpdateCheck = 1320;
				LastUpgradeCheck = 1320;
				TargetAttributes = {
					CA00EE6727BBE0FF007271A0 = {
						CreatedOnToolsVersion = 13.2.1;
					};
				};
			};
			buildConfigurationList = CA00EE6327BBE0FF007271A0 /* Build configuration list for PBXProject "DemoToDoList" */;
			compatibilityVersion = "Xcode 13.0";
			developmentRegion = en;
			hasScannedForEncodings = 0;
			knownRegions = (
				en,
				Base,
			);
			mainGroup = CA00EE5F27BBE0FF007271A0;
			productRefGroup = CA00EE6927BBE0FF007271A0 /* Products */;
			projectDirPath = "";
			projectRoot = "";
			targets = (
				CA00EE6727BBE0FF007271A0 /* DemoToDoList */,
			);
		};
/* End PBXProject section */

/* Begin PBXResourcesBuildPhase section */
		CA00EE6627BBE0FF007271A0 /* Resources */ = {
			isa = PBXResourcesBuildPhase;
			buildActionMask = 2147483647;
			files = (
				CA00EE7327BBE100007271A0 /* Preview Assets.xcassets in Resources */,
				CA00EE7027BBE100007271A0 /* Assets.xcassets in Resources */,
			);
			runOnlyForDeploymentPostprocessing = 0;
		};
/* End PBXResourcesBuildPhase section */

/* Begin PBXSourcesBuildPhase section */
		CA00EE6427BBE0FF007271A0 /* Sources */ = {
			isa = PBXSourcesBuildPhase;
			buildActionMask = 2147483647;
			files = (
				CA00EE6E27BBE0FF007271A0 /* ContentView.swift in Sources */,
				CA00EE7C27BBE18E007271A0 /* DataManager.swift in Sources */,
				CA00EE8027BBE5A7007271A0 /* TodoListView.swift in Sources */,
				CA22536127D4C0C400405731 /* KeyboardResponder.swift in Sources */,
				CA22535F27D4B8E800405731 /* NewTodoView.swift in Sources */,
				CA00EE8227BBEDFE007271A0 /* MockDataManager.swift in Sources */,
				CA00EE7A27BBE12A007271A0 /* Todo.swift in Sources */,
				CA22535D27D4B65400405731 /* NewTodoViewModel.swift in Sources */,
				CA00EE6C27BBE0FF007271A0 /* DemoToDoListApp.swift in Sources */,
				CA22536327D78B2600405731 /* TodoRow.swift in Sources */,
				CA00EE7E27BBE49F007271A0 /* TodoListViewModel.swift in Sources */,
			);
			runOnlyForDeploymentPostprocessing = 0;
		};
/* End PBXSourcesBuildPhase section */

/* Begin XCBuildConfiguration section */
		CA00EE7427BBE100007271A0 /* Debug */ = {
			isa = XCBuildConfiguration;
			buildSettings = {
				ALWAYS_SEARCH_USER_PATHS = NO;
				CLANG_ANALYZER_NONNULL = YES;
				CLANG_ANALYZER_NUMBER_OBJECT_CONVERSION = YES_AGGRESSIVE;
				CLANG_CXX_LANGUAGE_STANDARD = "gnu++17";
				CLANG_CXX_LIBRARY = "libc++";
				CLANG_ENABLE_MODULES = YES;
				CLANG_ENABLE_OBJC_ARC = YES;
				CLANG_ENABLE_OBJC_WEAK = YES;
				CLANG_WARN_BLOCK_CAPTURE_AUTORELEASING = YES;
				CLANG_WARN_BOOL_CONVERSION = YES;
				CLANG_WARN_COMMA = YES;
				CLANG_WARN_CONSTANT_CONVERSION = YES;
				CLANG_WARN_DEPRECATED_OBJC_IMPLEMENTATIONS = YES;
				CLANG_WARN_DIRECT_OBJC_ISA_USAGE = YES_ERROR;
				CLANG_WARN_DOCUMENTATION_COMMENTS = YES;
				CLANG_WARN_EMPTY_BODY = YES;
				CLANG_WARN_ENUM_CONVERSION = YES;
				CLANG_WARN_INFINITE_RECURSION = YES;
				CLANG_WARN_INT_CONVERSION = YES;
				CLANG_WARN_NON_LITERAL_NULL_CONVERSION = YES;
				CLANG_WARN_OBJC_IMPLICIT_RETAIN_SELF = YES;
				CLANG_WARN_OBJC_LITERAL_CONVERSION = YES;
				CLANG_WARN_OBJC_ROOT_CLASS = YES_ERROR;
				CLANG_WARN_QUOTED_INCLUDE_IN_FRAMEWORK_HEADER = YES;
				CLANG_WARN_RANGE_LOOP_ANALYSIS = YES;
				CLANG_WARN_STRICT_PROTOTYPES = YES;
				CLANG_WARN_SUSPICIOUS_MOVE = YES;
				CLANG_WARN_UNGUARDED_AVAILABILITY = YES_AGGRESSIVE;
				CLANG_WARN_UNREACHABLE_CODE = YES;
				CLANG_WARN__DUPLICATE_METHOD_MATCH = YES;
				COPY_PHASE_STRIP = NO;
				DEBUG_INFORMATION_FORMAT = dwarf;
				ENABLE_STRICT_OBJC_MSGSEND = YES;
				ENABLE_TESTABILITY = YES;
				GCC_C_LANGUAGE_STANDARD = gnu11;
				GCC_DYNAMIC_NO_PIC = NO;
				GCC_NO_COMMON_BLOCKS = YES;
				GCC_OPTIMIZATION_LEVEL = 0;
				GCC_PREPROCESSOR_DEFINITIONS = (
					"DEBUG=1",
					"$(inherited)",
				);
				GCC_WARN_64_TO_32_BIT_CONVERSION = YES;
				GCC_WARN_ABOUT_RETURN_TYPE = YES_ERROR;
				GCC_WARN_UNDECLARED_SELECTOR = YES;
				GCC_WARN_UNINITIALIZED_AUTOS = YES_AGGRESSIVE;
				GCC_WARN_UNUSED_FUNCTION = YES;
				GCC_WARN_UNUSED_VARIABLE = YES;
				IPHONEOS_DEPLOYMENT_TARGET = 15.2;
				MTL_ENABLE_DEBUG_INFO = INCLUDE_SOURCE;
				MTL_FAST_MATH = YES;
				ONLY_ACTIVE_ARCH = YES;
				SDKROOT = iphoneos;
				SWIFT_ACTIVE_COMPILATION_CONDITIONS = DEBUG;
				SWIFT_OPTIMIZATION_LEVEL = "-Onone";
			};
			name = Debug;
		};
		CA00EE7527BBE100007271A0 /* Release */ = {
			isa = XCBuildConfiguration;
			buildSettings = {
				ALWAYS_SEARCH_USER_PATHS = NO;
				CLANG_ANALYZER_NONNULL = YES;
				CLANG_ANALYZER_NUMBER_OBJECT_CONVERSION = YES_AGGRESSIVE;
				CLANG_CXX_LANGUAGE_STANDARD = "gnu++17";
				CLANG_CXX_LIBRARY = "libc++";
				CLANG_ENABLE_MODULES = YES;
				CLANG_ENABLE_OBJC_ARC = YES;
				CLANG_ENABLE_OBJC_WEAK = YES;
				CLANG_WARN_BLOCK_CAPTURE_AUTORELEASING = YES;
				CLANG_WARN_BOOL_CONVERSION = YES;
				CLANG_WARN_COMMA = YES;
				CLANG_WARN_CONSTANT_CONVERSION = YES;
				CLANG_WARN_DEPRECATED_OBJC_IMPLEMENTATIONS = YES;
				CLANG_WARN_DIRECT_OBJC_ISA_USAGE = YES_ERROR;
				CLANG_WARN_DOCUMENTATION_COMMENTS = YES;
				CLANG_WARN_EMPTY_BODY = YES;
				CLANG_WARN_ENUM_CONVERSION = YES;
				CLANG_WARN_INFINITE_RECURSION = YES;
				CLANG_WARN_INT_CONVERSION = YES;
				CLANG_WARN_NON_LITERAL_NULL_CONVERSION = YES;
				CLANG_WARN_OBJC_IMPLICIT_RETAIN_SELF = YES;
				CLANG_WARN_OBJC_LITERAL_CONVERSION = YES;
				CLANG_WARN_OBJC_ROOT_CLASS = YES_ERROR;
				CLANG_WARN_QUOTED_INCLUDE_IN_FRAMEWORK_HEADER = YES;
				CLANG_WARN_RANGE_LOOP_ANALYSIS = YES;
				CLANG_WARN_STRICT_PROTOTYPES = YES;
				CLANG_WARN_SUSPICIOUS_MOVE = YES;
				CLANG_WARN_UNGUARDED_AVAILABILITY = YES_AGGRESSIVE;
				CLANG_WARN_UNREACHABLE_CODE = YES;
				CLANG_WARN__DUPLICATE_METHOD_MATCH = YES;
				COPY_PHASE_STRIP = NO;
				DEBUG_INFORMATION_FORMAT = "dwarf-with-dsym";
				ENABLE_NS_ASSERTIONS = NO;
				ENABLE_STRICT_OBJC_MSGSEND = YES;
				GCC_C_LANGUAGE_STANDARD = gnu11;
				GCC_NO_COMMON_BLOCKS = YES;
				GCC_WARN_64_TO_32_BIT_CONVERSION = YES;
				GCC_WARN_ABOUT_RETURN_TYPE = YES_ERROR;
				GCC_WARN_UNDECLARED_SELECTOR = YES;
				GCC_WARN_UNINITIALIZED_AUTOS = YES_AGGRESSIVE;
				GCC_WARN_UNUSED_FUNCTION = YES;
				GCC_WARN_UNUSED_VARIABLE = YES;
				IPHONEOS_DEPLOYMENT_TARGET = 15.2;
				MTL_ENABLE_DEBUG_INFO = NO;
				MTL_FAST_MATH = YES;
				SDKROOT = iphoneos;
				SWIFT_COMPILATION_MODE = wholemodule;
				SWIFT_OPTIMIZATION_LEVEL = "-O";
				VALIDATE_PRODUCT = YES;
			};
			name = Release;
		};
		CA00EE7727BBE100007271A0 /* Debug */ = {
			isa = XCBuildConfiguration;
			buildSettings = {
				ASSETCATALOG_COMPILER_APPICON_NAME = AppIcon;
				ASSETCATALOG_COMPILER_GLOBAL_ACCENT_COLOR_NAME = AccentColor;
				CODE_SIGN_STYLE = Automatic;
				CURRENT_PROJECT_VERSION = 1;
				DEVELOPMENT_ASSET_PATHS = "\"DemoToDoList/Preview Content\"";
				DEVELOPMENT_TEAM = WMCQK22Q3T;
				ENABLE_PREVIEWS = YES;
				GENERATE_INFOPLIST_FILE = YES;
				INFOPLIST_KEY_UIApplicationSceneManifest_Generation = YES;
				INFOPLIST_KEY_UIApplicationSupportsIndirectInputEvents = YES;
				INFOPLIST_KEY_UILaunchScreen_Generation = YES;
				INFOPLIST_KEY_UISupportedInterfaceOrientations_iPad = "UIInterfaceOrientationPortrait UIInterfaceOrientationPortraitUpsideDown UIInterfaceOrientationLandscapeLeft UIInterfaceOrientationLandscapeRight";
				INFOPLIST_KEY_UISupportedInterfaceOrientations_iPhone = "UIInterfaceOrientationPortrait UIInterfaceOrientationLandscapeLeft UIInterfaceOrientationLandscapeRight";
				LD_RUNPATH_SEARCH_PATHS = (
					"$(inherited)",
					"@executable_path/Frameworks",
				);
				MARKETING_VERSION = 1.0;
				PRODUCT_BUNDLE_IDENTIFIER = com.dodistudy.DemoToDoList;
				PRODUCT_NAME = "$(TARGET_NAME)";
				SWIFT_EMIT_LOC_STRINGS = YES;
				SWIFT_VERSION = 5.0;
				TARGETED_DEVICE_FAMILY = "1,2";
			};
			name = Debug;
		};
		CA00EE7827BBE100007271A0 /* Release */ = {
			isa = XCBuildConfiguration;
			buildSettings = {
				ASSETCATALOG_COMPILER_APPICON_NAME = AppIcon;
				ASSETCATALOG_COMPILER_GLOBAL_ACCENT_COLOR_NAME = AccentColor;
				CODE_SIGN_STYLE = Automatic;
				CURRENT_PROJECT_VERSION = 1;
				DEVELOPMENT_ASSET_PATHS = "\"DemoToDoList/Preview Content\"";
				DEVELOPMENT_TEAM = WMCQK22Q3T;
				ENABLE_PREVIEWS = YES;
				GENERATE_INFOPLIST_FILE = YES;
				INFOPLIST_KEY_UIApplicationSceneManifest_Generation = YES;
				INFOPLIST_KEY_UIApplicationSupportsIndirectInputEvents = YES;
				INFOPLIST_KEY_UILaunchScreen_Generation = YES;
				INFOPLIST_KEY_UISupportedInterfaceOrientations_iPad = "UIInterfaceOrientationPortrait UIInterfaceOrientationPortraitUpsideDown UIInterfaceOrientationLandscapeLeft UIInterfaceOrientationLandscapeRight";
				INFOPLIST_KEY_UISupportedInterfaceOrientations_iPhone = "UIInterfaceOrientationPortrait UIInterfaceOrientationLandscapeLeft UIInterfaceOrientationLandscapeRight";
				LD_RUNPATH_SEARCH_PATHS = (
					"$(inherited)",
					"@executable_path/Frameworks",
				);
				MARKETING_VERSION = 1.0;
				PRODUCT_BUNDLE_IDENTIFIER = com.dodistudy.DemoToDoList;
				PRODUCT_NAME = "$(TARGET_NAME)";
				SWIFT_EMIT_LOC_STRINGS = YES;
				SWIFT_VERSION = 5.0;
				TARGETED_DEVICE_FAMILY = "1,2";
			};
			name = Release;
		};
/* End XCBuildConfiguration section */

/* Begin XCConfigurationList section */
		CA00EE6327BBE0FF007271A0 /* Build configuration list for PBXProject "DemoToDoList" */ = {
			isa = XCConfigurationList;
			buildConfigurations = (
				CA00EE7427BBE100007271A0 /* Debug */,
				CA00EE7527BBE100007271A0 /* Release */,
			);
			defaultConfigurationIsVisible = 0;
			defaultConfigurationName = Release;
		};
		CA00EE7627BBE100007271A0 /* Build configuration list for PBXNativeTarget "DemoToDoList" */ = {
			isa = XCConfigurationList;
			buildConfigurations = (
				CA00EE7727BBE100007271A0 /* Debug */,
				CA00EE7827BBE100007271A0 /* Release */,
			);
			defaultConfigurationIsVisible = 0;
			defaultConfigurationName = Release;
		};
/* End XCConfigurationList section */
	};
	rootObject = CA00EE6027BBE0FF007271A0 /* Project object */;
}
